
Microsoft Visual Studio Solution File, Format Version 12.00
# Visual Studio 15
VisualStudioVersion = 15.0.28307.645
MinimumVisualStudioVersion = 10.0.40219.1
Project("{FAE04EC0-301F-11D3-BF4B-00C04F79EFBC}") = "NLogSmtp", "NLogSmtp\NLogSmtp.csproj", "{D722CA4E-D21F-47BF-BB44-3F907E6A1C85}"
EndProject
Project("{FAE04EC0-301F-11D3-BF4B-00C04F79EFBC}") = "Log4NetSmtp", "Log4NetSmtp\Log4NetSmtp.csproj", "{62AF6617-B0A0-4375-924D-702E1A857AFC}"
EndProject
Global
	GlobalSection(SolutionConfigurationPlatforms) = preSolution
		Debug|Any CPU = Debug|Any CPU
		Release|Any CPU = Release|Any CPU
	EndGlobalSection
	GlobalSection(ProjectConfigurationPlatforms) = postSolution
		{D722CA4E-D21F-47BF-BB44-3F907E6A1C85}.Debug|Any CPU.ActiveCfg = Debug|Any CPU
		{D722CA4E-D21F-47BF-BB44-3F907E6A1C85}.Debug|Any CPU.Build.0 = Debug|Any CPU
		{D722CA4E-D21F-47BF-BB44-3F907E6A1C85}.Release|Any CPU.ActiveCfg = Release|Any CPU
		{D722CA4E-D21F-47BF-BB44-3F907E6A1C85}.Release|Any CPU.Build.0 = Release|Any CPU
		{62AF6617-B0A0-4375-924D-702E1A857AFC}.Debug|Any CPU.ActiveCfg = Debug|Any CPU
		{62AF6617-B0A0-4375-924D-702E1A857AFC}.Debug|Any CPU.Build.0 = Debug|Any CPU
		{62AF6617-B0A0-4375-924D-702E1A857AFC}.Release|Any CPU.ActiveCfg = Release|Any CPU
		{62AF6617-B0A0-4375-924D-702E1A857AFC}.Release|Any CPU.Build.0 = Release|Any CPU
	EndGlobalSection
	GlobalSection(SolutionProperties) = preSolution
		HideSolutionNode = FALSE
	EndGlobalSection
	GlobalSection(ExtensibilityGlobals) = postSolution
		SolutionGuid = {9E6CBC25-8D84-4485-AECC-AAB48A6765C7}
	EndGlobalSection
EndGlobal
